
Microsoft Visual Studio Solution File, Format Version 12.00
# Visual Studio Version 16
VisualStudioVersion = 16.0.29021.104
MinimumVisualStudioVersion = 10.0.40219.1
Project("{FAE04EC0-301F-11D3-BF4B-00C04F79EFBC}") = "L003", "L003\L003.csproj", "{C2EEF1C5-2CC5-42E5-9ED8-DC785EB57C47}"
EndProject
Global
	GlobalSection(SolutionConfigurationPlatforms) = preSolution
		Debug|Any CPU = Debug|Any CPU
		Release|Any CPU = Release|Any CPU
	EndGlobalSection
	GlobalSection(ProjectConfigurationPlatforms) = postSolution
		{C2EEF1C5-2CC5-42E5-9ED8-DC785EB57C47}.Debug|Any CPU.ActiveCfg = Debug|Any CPU
		{C2EEF1C5-2CC5-42E5-9ED8-DC785EB57C47}.Debug|Any CPU.Build.0 = Debug|Any CPU
		{C2EEF1C5-2CC5-42E5-9ED8-DC785EB57C47}.Release|Any CPU.ActiveCfg = Release|Any CPU
		{C2EEF1C5-2CC5-42E5-9ED8-DC785EB57C47}.Release|Any CPU.Build.0 = Release|Any CPU
	EndGlobalSection
	GlobalSection(SolutionProperties) = preSolution
		HideSolutionNode = FALSE
	EndGlobalSection
	GlobalSection(ExtensibilityGlobals) = postSolution
		SolutionGuid = {4C7840B6-02DA-4057-8219-E62584FF5FFB}
	EndGlobalSection
EndGlobal
