
Microsoft Visual Studio Solution File, Format Version 12.00
# Visual Studio Version 16
VisualStudioVersion = 16.0.29021.104
MinimumVisualStudioVersion = 10.0.40219.1
Project("{FAE04EC0-301F-11D3-BF4B-00C04F79EFBC}") = "L039", "L039\L039.csproj", "{428403A2-BC16-4B98-95DC-3F4FC4248595}"
EndProject
Global
	GlobalSection(SolutionConfigurationPlatforms) = preSolution
		Debug|Any CPU = Debug|Any CPU
		Release|Any CPU = Release|Any CPU
	EndGlobalSection
	GlobalSection(ProjectConfigurationPlatforms) = postSolution
		{428403A2-BC16-4B98-95DC-3F4FC4248595}.Debug|Any CPU.ActiveCfg = Debug|Any CPU
		{428403A2-BC16-4B98-95DC-3F4FC4248595}.Debug|Any CPU.Build.0 = Debug|Any CPU
		{428403A2-BC16-4B98-95DC-3F4FC4248595}.Release|Any CPU.ActiveCfg = Release|Any CPU
		{428403A2-BC16-4B98-95DC-3F4FC4248595}.Release|Any CPU.Build.0 = Release|Any CPU
	EndGlobalSection
	GlobalSection(SolutionProperties) = preSolution
		HideSolutionNode = FALSE
	EndGlobalSection
	GlobalSection(ExtensibilityGlobals) = postSolution
		SolutionGuid = {F7E9FAE6-3761-4ACE-BB2D-68E82CF05904}
	EndGlobalSection
EndGlobal
