
Microsoft Visual Studio Solution File, Format Version 12.00
# Visual Studio Version 16
VisualStudioVersion = 16.0.29021.104
MinimumVisualStudioVersion = 10.0.40219.1
Project("{FAE04EC0-301F-11D3-BF4B-00C04F79EFBC}") = "L044", "L044\L044.csproj", "{A419BFFD-3D43-4E2E-974A-4CEFFC0BBB76}"
EndProject
Global
	GlobalSection(SolutionConfigurationPlatforms) = preSolution
		Debug|Any CPU = Debug|Any CPU
		Release|Any CPU = Release|Any CPU
	EndGlobalSection
	GlobalSection(ProjectConfigurationPlatforms) = postSolution
		{A419BFFD-3D43-4E2E-974A-4CEFFC0BBB76}.Debug|Any CPU.ActiveCfg = Debug|Any CPU
		{A419BFFD-3D43-4E2E-974A-4CEFFC0BBB76}.Debug|Any CPU.Build.0 = Debug|Any CPU
		{A419BFFD-3D43-4E2E-974A-4CEFFC0BBB76}.Release|Any CPU.ActiveCfg = Release|Any CPU
		{A419BFFD-3D43-4E2E-974A-4CEFFC0BBB76}.Release|Any CPU.Build.0 = Release|Any CPU
	EndGlobalSection
	GlobalSection(SolutionProperties) = preSolution
		HideSolutionNode = FALSE
	EndGlobalSection
	GlobalSection(ExtensibilityGlobals) = postSolution
		SolutionGuid = {A3F5B357-B071-4689-A62C-9030964BF3DA}
	EndGlobalSection
EndGlobal
