
Microsoft Visual Studio Solution File, Format Version 12.00
# Visual Studio Version 16
VisualStudioVersion = 16.0.29021.104
MinimumVisualStudioVersion = 10.0.40219.1
Project("{FAE04EC0-301F-11D3-BF4B-00C04F79EFBC}") = "L048", "L048\L048.csproj", "{AC9E67BE-DACE-4AE3-B532-98A3CFCCF53F}"
EndProject
Global
	GlobalSection(SolutionConfigurationPlatforms) = preSolution
		Debug|Any CPU = Debug|Any CPU
		Release|Any CPU = Release|Any CPU
	EndGlobalSection
	GlobalSection(ProjectConfigurationPlatforms) = postSolution
		{AC9E67BE-DACE-4AE3-B532-98A3CFCCF53F}.Debug|Any CPU.ActiveCfg = Debug|Any CPU
		{AC9E67BE-DACE-4AE3-B532-98A3CFCCF53F}.Debug|Any CPU.Build.0 = Debug|Any CPU
		{AC9E67BE-DACE-4AE3-B532-98A3CFCCF53F}.Release|Any CPU.ActiveCfg = Release|Any CPU
		{AC9E67BE-DACE-4AE3-B532-98A3CFCCF53F}.Release|Any CPU.Build.0 = Release|Any CPU
	EndGlobalSection
	GlobalSection(SolutionProperties) = preSolution
		HideSolutionNode = FALSE
	EndGlobalSection
	GlobalSection(ExtensibilityGlobals) = postSolution
		SolutionGuid = {366D764C-57C7-4852-BB41-E959E6A82D95}
	EndGlobalSection
EndGlobal
