
Microsoft Visual Studio Solution File, Format Version 12.00
# Visual Studio Version 16
VisualStudioVersion = 16.0.29021.104
MinimumVisualStudioVersion = 10.0.40219.1
Project("{FAE04EC0-301F-11D3-BF4B-00C04F79EFBC}") = "L067", "L067\L067.csproj", "{F0A2F1A0-2B9C-4870-8A8C-F885D216538A}"
EndProject
Project("{FAE04EC0-301F-11D3-BF4B-00C04F79EFBC}") = "ClassLibrary1", "ClassLibrary1\ClassLibrary1.csproj", "{76251D50-5104-461B-8FF8-A0A16465EECF}"
EndProject
Global
	GlobalSection(SolutionConfigurationPlatforms) = preSolution
		Debug|Any CPU = Debug|Any CPU
		Release|Any CPU = Release|Any CPU
	EndGlobalSection
	GlobalSection(ProjectConfigurationPlatforms) = postSolution
		{F0A2F1A0-2B9C-4870-8A8C-F885D216538A}.Debug|Any CPU.ActiveCfg = Debug|Any CPU
		{F0A2F1A0-2B9C-4870-8A8C-F885D216538A}.Debug|Any CPU.Build.0 = Debug|Any CPU
		{F0A2F1A0-2B9C-4870-8A8C-F885D216538A}.Release|Any CPU.ActiveCfg = Release|Any CPU
		{F0A2F1A0-2B9C-4870-8A8C-F885D216538A}.Release|Any CPU.Build.0 = Release|Any CPU
		{76251D50-5104-461B-8FF8-A0A16465EECF}.Debug|Any CPU.ActiveCfg = Debug|Any CPU
		{76251D50-5104-461B-8FF8-A0A16465EECF}.Debug|Any CPU.Build.0 = Debug|Any CPU
		{76251D50-5104-461B-8FF8-A0A16465EECF}.Release|Any CPU.ActiveCfg = Release|Any CPU
		{76251D50-5104-461B-8FF8-A0A16465EECF}.Release|Any CPU.Build.0 = Release|Any CPU
	EndGlobalSection
	GlobalSection(SolutionProperties) = preSolution
		HideSolutionNode = FALSE
	EndGlobalSection
	GlobalSection(ExtensibilityGlobals) = postSolution
		SolutionGuid = {8DA49D8E-5A84-4AEB-AB16-3298025AC5A1}
	EndGlobalSection
EndGlobal
