
Microsoft Visual Studio Solution File, Format Version 12.00
# Visual Studio Version 16
VisualStudioVersion = 16.0.29021.104
MinimumVisualStudioVersion = 10.0.40219.1
Project("{FAE04EC0-301F-11D3-BF4B-00C04F79EFBC}") = "L009", "L009\L009.csproj", "{204B3F59-1A8C-4830-B3E0-C61DCABE66DA}"
EndProject
Global
	GlobalSection(SolutionConfigurationPlatforms) = preSolution
		Debug|Any CPU = Debug|Any CPU
		Release|Any CPU = Release|Any CPU
	EndGlobalSection
	GlobalSection(ProjectConfigurationPlatforms) = postSolution
		{204B3F59-1A8C-4830-B3E0-C61DCABE66DA}.Debug|Any CPU.ActiveCfg = Debug|Any CPU
		{204B3F59-1A8C-4830-B3E0-C61DCABE66DA}.Debug|Any CPU.Build.0 = Debug|Any CPU
		{204B3F59-1A8C-4830-B3E0-C61DCABE66DA}.Release|Any CPU.ActiveCfg = Release|Any CPU
		{204B3F59-1A8C-4830-B3E0-C61DCABE66DA}.Release|Any CPU.Build.0 = Release|Any CPU
	EndGlobalSection
	GlobalSection(SolutionProperties) = preSolution
		HideSolutionNode = FALSE
	EndGlobalSection
	GlobalSection(ExtensibilityGlobals) = postSolution
		SolutionGuid = {A4AAC837-430A-4EDC-8F96-8E0D7268CB44}
	EndGlobalSection
EndGlobal
