
Microsoft Visual Studio Solution File, Format Version 12.00
# Visual Studio Version 16
VisualStudioVersion = 16.0.29021.104
MinimumVisualStudioVersion = 10.0.40219.1
Project("{FAE04EC0-301F-11D3-BF4B-00C04F79EFBC}") = "L032", "L032\L032.csproj", "{ECEDAE2F-74DB-45AF-AD68-68B9F476A12C}"
EndProject
Global
	GlobalSection(SolutionConfigurationPlatforms) = preSolution
		Debug|Any CPU = Debug|Any CPU
		Release|Any CPU = Release|Any CPU
	EndGlobalSection
	GlobalSection(ProjectConfigurationPlatforms) = postSolution
		{ECEDAE2F-74DB-45AF-AD68-68B9F476A12C}.Debug|Any CPU.ActiveCfg = Debug|Any CPU
		{ECEDAE2F-74DB-45AF-AD68-68B9F476A12C}.Debug|Any CPU.Build.0 = Debug|Any CPU
		{ECEDAE2F-74DB-45AF-AD68-68B9F476A12C}.Release|Any CPU.ActiveCfg = Release|Any CPU
		{ECEDAE2F-74DB-45AF-AD68-68B9F476A12C}.Release|Any CPU.Build.0 = Release|Any CPU
	EndGlobalSection
	GlobalSection(SolutionProperties) = preSolution
		HideSolutionNode = FALSE
	EndGlobalSection
	GlobalSection(ExtensibilityGlobals) = postSolution
		SolutionGuid = {DD421D4A-B5D6-453A-BF62-985EDDC23B12}
	EndGlobalSection
EndGlobal
