
Microsoft Visual Studio Solution File, Format Version 12.00
# Visual Studio Version 16
VisualStudioVersion = 16.0.29021.104
MinimumVisualStudioVersion = 10.0.40219.1
Project("{FAE04EC0-301F-11D3-BF4B-00C04F79EFBC}") = "L020", "L020\L020.csproj", "{0CE2A92D-04C3-4B77-A99B-15ECD9CD97AD}"
EndProject
Global
	GlobalSection(SolutionConfigurationPlatforms) = preSolution
		Debug|Any CPU = Debug|Any CPU
		Release|Any CPU = Release|Any CPU
	EndGlobalSection
	GlobalSection(ProjectConfigurationPlatforms) = postSolution
		{0CE2A92D-04C3-4B77-A99B-15ECD9CD97AD}.Debug|Any CPU.ActiveCfg = Debug|Any CPU
		{0CE2A92D-04C3-4B77-A99B-15ECD9CD97AD}.Debug|Any CPU.Build.0 = Debug|Any CPU
		{0CE2A92D-04C3-4B77-A99B-15ECD9CD97AD}.Release|Any CPU.ActiveCfg = Release|Any CPU
		{0CE2A92D-04C3-4B77-A99B-15ECD9CD97AD}.Release|Any CPU.Build.0 = Release|Any CPU
	EndGlobalSection
	GlobalSection(SolutionProperties) = preSolution
		HideSolutionNode = FALSE
	EndGlobalSection
	GlobalSection(ExtensibilityGlobals) = postSolution
		SolutionGuid = {DDC956F4-F1F9-497B-BA28-1A49FCB92634}
	EndGlobalSection
EndGlobal
