
Microsoft Visual Studio Solution File, Format Version 12.00
# Visual Studio Version 16
VisualStudioVersion = 16.0.29021.104
MinimumVisualStudioVersion = 10.0.40219.1
Project("{FAE04EC0-301F-11D3-BF4B-00C04F79EFBC}") = "L083", "L083\L083.csproj", "{F83AEA83-B632-471A-B454-F098AA760A0E}"
EndProject
Global
	GlobalSection(SolutionConfigurationPlatforms) = preSolution
		Debug|Any CPU = Debug|Any CPU
		Release|Any CPU = Release|Any CPU
	EndGlobalSection
	GlobalSection(ProjectConfigurationPlatforms) = postSolution
		{F83AEA83-B632-471A-B454-F098AA760A0E}.Debug|Any CPU.ActiveCfg = Debug|Any CPU
		{F83AEA83-B632-471A-B454-F098AA760A0E}.Debug|Any CPU.Build.0 = Debug|Any CPU
		{F83AEA83-B632-471A-B454-F098AA760A0E}.Release|Any CPU.ActiveCfg = Release|Any CPU
		{F83AEA83-B632-471A-B454-F098AA760A0E}.Release|Any CPU.Build.0 = Release|Any CPU
	EndGlobalSection
	GlobalSection(SolutionProperties) = preSolution
		HideSolutionNode = FALSE
	EndGlobalSection
	GlobalSection(ExtensibilityGlobals) = postSolution
		SolutionGuid = {DA5B4665-F268-42F1-8DB7-5685727587AC}
	EndGlobalSection
EndGlobal
