
Microsoft Visual Studio Solution File, Format Version 12.00
# Visual Studio Version 16
VisualStudioVersion = 16.0.29021.104
MinimumVisualStudioVersion = 10.0.40219.1
Project("{FAE04EC0-301F-11D3-BF4B-00C04F79EFBC}") = "L005", "L005\L005.csproj", "{6ABC572A-C893-48F3-83B3-300841F8088F}"
EndProject
Global
	GlobalSection(SolutionConfigurationPlatforms) = preSolution
		Debug|Any CPU = Debug|Any CPU
		Release|Any CPU = Release|Any CPU
	EndGlobalSection
	GlobalSection(ProjectConfigurationPlatforms) = postSolution
		{6ABC572A-C893-48F3-83B3-300841F8088F}.Debug|Any CPU.ActiveCfg = Debug|Any CPU
		{6ABC572A-C893-48F3-83B3-300841F8088F}.Debug|Any CPU.Build.0 = Debug|Any CPU
		{6ABC572A-C893-48F3-83B3-300841F8088F}.Release|Any CPU.ActiveCfg = Release|Any CPU
		{6ABC572A-C893-48F3-83B3-300841F8088F}.Release|Any CPU.Build.0 = Release|Any CPU
	EndGlobalSection
	GlobalSection(SolutionProperties) = preSolution
		HideSolutionNode = FALSE
	EndGlobalSection
	GlobalSection(ExtensibilityGlobals) = postSolution
		SolutionGuid = {BDBE51C7-B8DB-49EA-92DE-1C3D5E6DEDE0}
	EndGlobalSection
EndGlobal
