
Microsoft Visual Studio Solution File, Format Version 12.00
# Visual Studio Version 16
VisualStudioVersion = 16.0.29021.104
MinimumVisualStudioVersion = 10.0.40219.1
Project("{FAE04EC0-301F-11D3-BF4B-00C04F79EFBC}") = "L002", "L002\L002.csproj", "{16C18FE1-EF9C-4F55-A231-C2BBA4CA754C}"
EndProject
Global
	GlobalSection(SolutionConfigurationPlatforms) = preSolution
		Debug|Any CPU = Debug|Any CPU
		Release|Any CPU = Release|Any CPU
	EndGlobalSection
	GlobalSection(ProjectConfigurationPlatforms) = postSolution
		{16C18FE1-EF9C-4F55-A231-C2BBA4CA754C}.Debug|Any CPU.ActiveCfg = Debug|Any CPU
		{16C18FE1-EF9C-4F55-A231-C2BBA4CA754C}.Debug|Any CPU.Build.0 = Debug|Any CPU
		{16C18FE1-EF9C-4F55-A231-C2BBA4CA754C}.Release|Any CPU.ActiveCfg = Release|Any CPU
		{16C18FE1-EF9C-4F55-A231-C2BBA4CA754C}.Release|Any CPU.Build.0 = Release|Any CPU
	EndGlobalSection
	GlobalSection(SolutionProperties) = preSolution
		HideSolutionNode = FALSE
	EndGlobalSection
	GlobalSection(ExtensibilityGlobals) = postSolution
		SolutionGuid = {A953F117-BB19-48D6-B452-920BA1ABA291}
	EndGlobalSection
EndGlobal
