
Microsoft Visual Studio Solution File, Format Version 12.00
# Visual Studio Version 16
VisualStudioVersion = 16.0.29021.104
MinimumVisualStudioVersion = 10.0.40219.1
Project("{FAE04EC0-301F-11D3-BF4B-00C04F79EFBC}") = "L017", "L017\L017.csproj", "{D1444651-7265-4BD5-89F5-625B814F6FB5}"
EndProject
Global
	GlobalSection(SolutionConfigurationPlatforms) = preSolution
		Debug|Any CPU = Debug|Any CPU
		Release|Any CPU = Release|Any CPU
	EndGlobalSection
	GlobalSection(ProjectConfigurationPlatforms) = postSolution
		{D1444651-7265-4BD5-89F5-625B814F6FB5}.Debug|Any CPU.ActiveCfg = Debug|Any CPU
		{D1444651-7265-4BD5-89F5-625B814F6FB5}.Debug|Any CPU.Build.0 = Debug|Any CPU
		{D1444651-7265-4BD5-89F5-625B814F6FB5}.Release|Any CPU.ActiveCfg = Release|Any CPU
		{D1444651-7265-4BD5-89F5-625B814F6FB5}.Release|Any CPU.Build.0 = Release|Any CPU
	EndGlobalSection
	GlobalSection(SolutionProperties) = preSolution
		HideSolutionNode = FALSE
	EndGlobalSection
	GlobalSection(ExtensibilityGlobals) = postSolution
		SolutionGuid = {E1DF21DD-59E5-473D-8465-299CEB463EB7}
	EndGlobalSection
EndGlobal
