
Microsoft Visual Studio Solution File, Format Version 12.00
# Visual Studio Version 16
VisualStudioVersion = 16.0.29021.104
MinimumVisualStudioVersion = 10.0.40219.1
Project("{FAE04EC0-301F-11D3-BF4B-00C04F79EFBC}") = "L076", "L076\L076.csproj", "{01D00ADB-CB49-4E72-AEC5-44E7A5AF8BD9}"
EndProject
Global
	GlobalSection(SolutionConfigurationPlatforms) = preSolution
		Debug|Any CPU = Debug|Any CPU
		Release|Any CPU = Release|Any CPU
	EndGlobalSection
	GlobalSection(ProjectConfigurationPlatforms) = postSolution
		{01D00ADB-CB49-4E72-AEC5-44E7A5AF8BD9}.Debug|Any CPU.ActiveCfg = Debug|Any CPU
		{01D00ADB-CB49-4E72-AEC5-44E7A5AF8BD9}.Debug|Any CPU.Build.0 = Debug|Any CPU
		{01D00ADB-CB49-4E72-AEC5-44E7A5AF8BD9}.Release|Any CPU.ActiveCfg = Release|Any CPU
		{01D00ADB-CB49-4E72-AEC5-44E7A5AF8BD9}.Release|Any CPU.Build.0 = Release|Any CPU
	EndGlobalSection
	GlobalSection(SolutionProperties) = preSolution
		HideSolutionNode = FALSE
	EndGlobalSection
	GlobalSection(ExtensibilityGlobals) = postSolution
		SolutionGuid = {29602E4D-2746-4F97-AC7E-8D84B384CDFC}
	EndGlobalSection
EndGlobal
