
Microsoft Visual Studio Solution File, Format Version 12.00
# Visual Studio Version 16
VisualStudioVersion = 16.0.29021.104
MinimumVisualStudioVersion = 10.0.40219.1
Project("{FAE04EC0-301F-11D3-BF4B-00C04F79EFBC}") = "L024", "L024\L024.csproj", "{C05F47BE-838B-4CB3-B170-097C9DB8C89C}"
EndProject
Global
	GlobalSection(SolutionConfigurationPlatforms) = preSolution
		Debug|Any CPU = Debug|Any CPU
		Release|Any CPU = Release|Any CPU
	EndGlobalSection
	GlobalSection(ProjectConfigurationPlatforms) = postSolution
		{C05F47BE-838B-4CB3-B170-097C9DB8C89C}.Debug|Any CPU.ActiveCfg = Debug|Any CPU
		{C05F47BE-838B-4CB3-B170-097C9DB8C89C}.Debug|Any CPU.Build.0 = Debug|Any CPU
		{C05F47BE-838B-4CB3-B170-097C9DB8C89C}.Release|Any CPU.ActiveCfg = Release|Any CPU
		{C05F47BE-838B-4CB3-B170-097C9DB8C89C}.Release|Any CPU.Build.0 = Release|Any CPU
	EndGlobalSection
	GlobalSection(SolutionProperties) = preSolution
		HideSolutionNode = FALSE
	EndGlobalSection
	GlobalSection(ExtensibilityGlobals) = postSolution
		SolutionGuid = {F75F9F8C-916B-43AE-A8B9-8509C6030684}
	EndGlobalSection
EndGlobal
