
Microsoft Visual Studio Solution File, Format Version 12.00
# Visual Studio Version 16
VisualStudioVersion = 16.0.29021.104
MinimumVisualStudioVersion = 10.0.40219.1
Project("{FAE04EC0-301F-11D3-BF4B-00C04F79EFBC}") = "L013", "L013\L013.csproj", "{D52DC60C-3594-4D8F-9472-5359B54E6E38}"
EndProject
Global
	GlobalSection(SolutionConfigurationPlatforms) = preSolution
		Debug|Any CPU = Debug|Any CPU
		Release|Any CPU = Release|Any CPU
	EndGlobalSection
	GlobalSection(ProjectConfigurationPlatforms) = postSolution
		{D52DC60C-3594-4D8F-9472-5359B54E6E38}.Debug|Any CPU.ActiveCfg = Debug|Any CPU
		{D52DC60C-3594-4D8F-9472-5359B54E6E38}.Debug|Any CPU.Build.0 = Debug|Any CPU
		{D52DC60C-3594-4D8F-9472-5359B54E6E38}.Release|Any CPU.ActiveCfg = Release|Any CPU
		{D52DC60C-3594-4D8F-9472-5359B54E6E38}.Release|Any CPU.Build.0 = Release|Any CPU
	EndGlobalSection
	GlobalSection(SolutionProperties) = preSolution
		HideSolutionNode = FALSE
	EndGlobalSection
	GlobalSection(ExtensibilityGlobals) = postSolution
		SolutionGuid = {47A84F1B-9AF3-402A-BDD2-119FACB8AC2A}
	EndGlobalSection
EndGlobal
