
Microsoft Visual Studio Solution File, Format Version 12.00
# Visual Studio Version 16
VisualStudioVersion = 16.0.29021.104
MinimumVisualStudioVersion = 10.0.40219.1
Project("{FAE04EC0-301F-11D3-BF4B-00C04F79EFBC}") = "L049", "L049\L049.csproj", "{1121EE4F-E524-46CB-B9CD-301B34A845AE}"
EndProject
Global
	GlobalSection(SolutionConfigurationPlatforms) = preSolution
		Debug|Any CPU = Debug|Any CPU
		Release|Any CPU = Release|Any CPU
	EndGlobalSection
	GlobalSection(ProjectConfigurationPlatforms) = postSolution
		{1121EE4F-E524-46CB-B9CD-301B34A845AE}.Debug|Any CPU.ActiveCfg = Debug|Any CPU
		{1121EE4F-E524-46CB-B9CD-301B34A845AE}.Debug|Any CPU.Build.0 = Debug|Any CPU
		{1121EE4F-E524-46CB-B9CD-301B34A845AE}.Release|Any CPU.ActiveCfg = Release|Any CPU
		{1121EE4F-E524-46CB-B9CD-301B34A845AE}.Release|Any CPU.Build.0 = Release|Any CPU
	EndGlobalSection
	GlobalSection(SolutionProperties) = preSolution
		HideSolutionNode = FALSE
	EndGlobalSection
	GlobalSection(ExtensibilityGlobals) = postSolution
		SolutionGuid = {6588604E-211E-43CE-A112-BB06573D1B41}
	EndGlobalSection
EndGlobal
