
Microsoft Visual Studio Solution File, Format Version 12.00
# Visual Studio Version 16
VisualStudioVersion = 16.0.29123.89
MinimumVisualStudioVersion = 10.0.40219.1
Project("{FAE04EC0-301F-11D3-BF4B-00C04F79EFBC}") = "L100", "L100\L100.csproj", "{7A7F7F18-54BE-4026-8A69-D5FA989F300F}"
EndProject
Project("{FAE04EC0-301F-11D3-BF4B-00C04F79EFBC}") = "WpfControlLibrary1", "WpfControlLibrary1\WpfControlLibrary1.csproj", "{B9D7C8AF-DF2F-4BF2-BAC6-6DBDDAD33AB4}"
EndProject
Global
	GlobalSection(SolutionConfigurationPlatforms) = preSolution
		Debug|Any CPU = Debug|Any CPU
		Release|Any CPU = Release|Any CPU
	EndGlobalSection
	GlobalSection(ProjectConfigurationPlatforms) = postSolution
		{7A7F7F18-54BE-4026-8A69-D5FA989F300F}.Debug|Any CPU.ActiveCfg = Debug|Any CPU
		{7A7F7F18-54BE-4026-8A69-D5FA989F300F}.Debug|Any CPU.Build.0 = Debug|Any CPU
		{7A7F7F18-54BE-4026-8A69-D5FA989F300F}.Release|Any CPU.ActiveCfg = Release|Any CPU
		{7A7F7F18-54BE-4026-8A69-D5FA989F300F}.Release|Any CPU.Build.0 = Release|Any CPU
		{B9D7C8AF-DF2F-4BF2-BAC6-6DBDDAD33AB4}.Debug|Any CPU.ActiveCfg = Debug|Any CPU
		{B9D7C8AF-DF2F-4BF2-BAC6-6DBDDAD33AB4}.Debug|Any CPU.Build.0 = Debug|Any CPU
		{B9D7C8AF-DF2F-4BF2-BAC6-6DBDDAD33AB4}.Release|Any CPU.ActiveCfg = Release|Any CPU
		{B9D7C8AF-DF2F-4BF2-BAC6-6DBDDAD33AB4}.Release|Any CPU.Build.0 = Release|Any CPU
	EndGlobalSection
	GlobalSection(SolutionProperties) = preSolution
		HideSolutionNode = FALSE
	EndGlobalSection
	GlobalSection(ExtensibilityGlobals) = postSolution
		SolutionGuid = {E6F2616B-DA13-4EC0-888F-1AA790E70B4E}
	EndGlobalSection
EndGlobal
