
Microsoft Visual Studio Solution File, Format Version 12.00
# Visual Studio Version 16
VisualStudioVersion = 16.0.29021.104
MinimumVisualStudioVersion = 10.0.40219.1
Project("{FAE04EC0-301F-11D3-BF4B-00C04F79EFBC}") = "L075", "L075\L075.csproj", "{BEC65400-C653-48FF-8C7F-BD6FF8340F46}"
EndProject
Global
	GlobalSection(SolutionConfigurationPlatforms) = preSolution
		Debug|Any CPU = Debug|Any CPU
		Release|Any CPU = Release|Any CPU
	EndGlobalSection
	GlobalSection(ProjectConfigurationPlatforms) = postSolution
		{BEC65400-C653-48FF-8C7F-BD6FF8340F46}.Debug|Any CPU.ActiveCfg = Debug|Any CPU
		{BEC65400-C653-48FF-8C7F-BD6FF8340F46}.Debug|Any CPU.Build.0 = Debug|Any CPU
		{BEC65400-C653-48FF-8C7F-BD6FF8340F46}.Release|Any CPU.ActiveCfg = Release|Any CPU
		{BEC65400-C653-48FF-8C7F-BD6FF8340F46}.Release|Any CPU.Build.0 = Release|Any CPU
	EndGlobalSection
	GlobalSection(SolutionProperties) = preSolution
		HideSolutionNode = FALSE
	EndGlobalSection
	GlobalSection(ExtensibilityGlobals) = postSolution
		SolutionGuid = {68B7180A-C40A-4A26-8D40-862813B42844}
	EndGlobalSection
EndGlobal
