
Microsoft Visual Studio Solution File, Format Version 12.00
# Visual Studio Version 16
VisualStudioVersion = 16.0.29021.104
MinimumVisualStudioVersion = 10.0.40219.1
Project("{FAE04EC0-301F-11D3-BF4B-00C04F79EFBC}") = "L035", "L035\L035.csproj", "{5B54D15B-74BF-4578-A11A-4A459AFACB4E}"
EndProject
Global
	GlobalSection(SolutionConfigurationPlatforms) = preSolution
		Debug|Any CPU = Debug|Any CPU
		Release|Any CPU = Release|Any CPU
	EndGlobalSection
	GlobalSection(ProjectConfigurationPlatforms) = postSolution
		{5B54D15B-74BF-4578-A11A-4A459AFACB4E}.Debug|Any CPU.ActiveCfg = Debug|Any CPU
		{5B54D15B-74BF-4578-A11A-4A459AFACB4E}.Debug|Any CPU.Build.0 = Debug|Any CPU
		{5B54D15B-74BF-4578-A11A-4A459AFACB4E}.Release|Any CPU.ActiveCfg = Release|Any CPU
		{5B54D15B-74BF-4578-A11A-4A459AFACB4E}.Release|Any CPU.Build.0 = Release|Any CPU
	EndGlobalSection
	GlobalSection(SolutionProperties) = preSolution
		HideSolutionNode = FALSE
	EndGlobalSection
	GlobalSection(ExtensibilityGlobals) = postSolution
		SolutionGuid = {68C52290-4FF7-4798-A033-3E2558D37768}
	EndGlobalSection
EndGlobal
