
Microsoft Visual Studio Solution File, Format Version 12.00
# Visual Studio Version 16
VisualStudioVersion = 16.0.29021.104
MinimumVisualStudioVersion = 10.0.40219.1
Project("{FAE04EC0-301F-11D3-BF4B-00C04F79EFBC}") = "L078", "L078\L078.csproj", "{1EA44290-9D01-4023-8865-3FDC1EAA93DE}"
EndProject
Global
	GlobalSection(SolutionConfigurationPlatforms) = preSolution
		Debug|Any CPU = Debug|Any CPU
		Release|Any CPU = Release|Any CPU
	EndGlobalSection
	GlobalSection(ProjectConfigurationPlatforms) = postSolution
		{1EA44290-9D01-4023-8865-3FDC1EAA93DE}.Debug|Any CPU.ActiveCfg = Debug|Any CPU
		{1EA44290-9D01-4023-8865-3FDC1EAA93DE}.Debug|Any CPU.Build.0 = Debug|Any CPU
		{1EA44290-9D01-4023-8865-3FDC1EAA93DE}.Release|Any CPU.ActiveCfg = Release|Any CPU
		{1EA44290-9D01-4023-8865-3FDC1EAA93DE}.Release|Any CPU.Build.0 = Release|Any CPU
	EndGlobalSection
	GlobalSection(SolutionProperties) = preSolution
		HideSolutionNode = FALSE
	EndGlobalSection
	GlobalSection(ExtensibilityGlobals) = postSolution
		SolutionGuid = {0C37CF6D-F0FA-4147-AE39-F436B8773493}
	EndGlobalSection
EndGlobal
