
Microsoft Visual Studio Solution File, Format Version 12.00
# Visual Studio Version 16
VisualStudioVersion = 16.0.29021.104
MinimumVisualStudioVersion = 10.0.40219.1
Project("{FAE04EC0-301F-11D3-BF4B-00C04F79EFBC}") = "L036", "L036\L036.csproj", "{18E01430-51F3-46FB-9B8E-20D320AA2AA8}"
EndProject
Global
	GlobalSection(SolutionConfigurationPlatforms) = preSolution
		Debug|Any CPU = Debug|Any CPU
		Release|Any CPU = Release|Any CPU
	EndGlobalSection
	GlobalSection(ProjectConfigurationPlatforms) = postSolution
		{18E01430-51F3-46FB-9B8E-20D320AA2AA8}.Debug|Any CPU.ActiveCfg = Debug|Any CPU
		{18E01430-51F3-46FB-9B8E-20D320AA2AA8}.Debug|Any CPU.Build.0 = Debug|Any CPU
		{18E01430-51F3-46FB-9B8E-20D320AA2AA8}.Release|Any CPU.ActiveCfg = Release|Any CPU
		{18E01430-51F3-46FB-9B8E-20D320AA2AA8}.Release|Any CPU.Build.0 = Release|Any CPU
	EndGlobalSection
	GlobalSection(SolutionProperties) = preSolution
		HideSolutionNode = FALSE
	EndGlobalSection
	GlobalSection(ExtensibilityGlobals) = postSolution
		SolutionGuid = {15C9D610-2BAE-44CC-9A9E-B056E170861E}
	EndGlobalSection
EndGlobal
