
Microsoft Visual Studio Solution File, Format Version 12.00
# Visual Studio Version 16
VisualStudioVersion = 16.0.29123.89
MinimumVisualStudioVersion = 10.0.40219.1
Project("{FAE04EC0-301F-11D3-BF4B-00C04F79EFBC}") = "L097", "L097\L097.csproj", "{9F14B8E7-0145-4AAD-8837-D5A9F451F915}"
EndProject
Global
	GlobalSection(SolutionConfigurationPlatforms) = preSolution
		Debug|Any CPU = Debug|Any CPU
		Release|Any CPU = Release|Any CPU
	EndGlobalSection
	GlobalSection(ProjectConfigurationPlatforms) = postSolution
		{9F14B8E7-0145-4AAD-8837-D5A9F451F915}.Debug|Any CPU.ActiveCfg = Debug|Any CPU
		{9F14B8E7-0145-4AAD-8837-D5A9F451F915}.Debug|Any CPU.Build.0 = Debug|Any CPU
		{9F14B8E7-0145-4AAD-8837-D5A9F451F915}.Release|Any CPU.ActiveCfg = Release|Any CPU
		{9F14B8E7-0145-4AAD-8837-D5A9F451F915}.Release|Any CPU.Build.0 = Release|Any CPU
	EndGlobalSection
	GlobalSection(SolutionProperties) = preSolution
		HideSolutionNode = FALSE
	EndGlobalSection
	GlobalSection(ExtensibilityGlobals) = postSolution
		SolutionGuid = {2F40DC77-A6D7-4B7E-8FBB-D759AA8B1658}
	EndGlobalSection
EndGlobal
