
Microsoft Visual Studio Solution File, Format Version 12.00
# Visual Studio Version 16
VisualStudioVersion = 16.0.29021.104
MinimumVisualStudioVersion = 10.0.40219.1
Project("{FAE04EC0-301F-11D3-BF4B-00C04F79EFBC}") = "L051", "L051\L051.csproj", "{852E15F4-BC08-4DF5-8DF5-88D6418B5E09}"
EndProject
Global
	GlobalSection(SolutionConfigurationPlatforms) = preSolution
		Debug|Any CPU = Debug|Any CPU
		Release|Any CPU = Release|Any CPU
	EndGlobalSection
	GlobalSection(ProjectConfigurationPlatforms) = postSolution
		{852E15F4-BC08-4DF5-8DF5-88D6418B5E09}.Debug|Any CPU.ActiveCfg = Debug|Any CPU
		{852E15F4-BC08-4DF5-8DF5-88D6418B5E09}.Debug|Any CPU.Build.0 = Debug|Any CPU
		{852E15F4-BC08-4DF5-8DF5-88D6418B5E09}.Release|Any CPU.ActiveCfg = Release|Any CPU
		{852E15F4-BC08-4DF5-8DF5-88D6418B5E09}.Release|Any CPU.Build.0 = Release|Any CPU
	EndGlobalSection
	GlobalSection(SolutionProperties) = preSolution
		HideSolutionNode = FALSE
	EndGlobalSection
	GlobalSection(ExtensibilityGlobals) = postSolution
		SolutionGuid = {F699540E-91E3-48A4-8494-F387FDB6594F}
	EndGlobalSection
EndGlobal
