
Microsoft Visual Studio Solution File, Format Version 12.00
# Visual Studio Version 16
VisualStudioVersion = 16.0.29123.89
MinimumVisualStudioVersion = 10.0.40219.1
Project("{FAE04EC0-301F-11D3-BF4B-00C04F79EFBC}") = "L087", "L087\L087.csproj", "{D95A7285-66E0-452C-8A09-132F25443841}"
EndProject
Global
	GlobalSection(SolutionConfigurationPlatforms) = preSolution
		Debug|Any CPU = Debug|Any CPU
		Release|Any CPU = Release|Any CPU
	EndGlobalSection
	GlobalSection(ProjectConfigurationPlatforms) = postSolution
		{D95A7285-66E0-452C-8A09-132F25443841}.Debug|Any CPU.ActiveCfg = Debug|Any CPU
		{D95A7285-66E0-452C-8A09-132F25443841}.Debug|Any CPU.Build.0 = Debug|Any CPU
		{D95A7285-66E0-452C-8A09-132F25443841}.Release|Any CPU.ActiveCfg = Release|Any CPU
		{D95A7285-66E0-452C-8A09-132F25443841}.Release|Any CPU.Build.0 = Release|Any CPU
	EndGlobalSection
	GlobalSection(SolutionProperties) = preSolution
		HideSolutionNode = FALSE
	EndGlobalSection
	GlobalSection(ExtensibilityGlobals) = postSolution
		SolutionGuid = {9D8DFB75-A533-456E-916D-EA9B6D70D156}
	EndGlobalSection
EndGlobal
