
Microsoft Visual Studio Solution File, Format Version 12.00
# Visual Studio Version 16
VisualStudioVersion = 16.0.29021.104
MinimumVisualStudioVersion = 10.0.40219.1
Project("{FAE04EC0-301F-11D3-BF4B-00C04F79EFBC}") = "L068", "L068\L068.csproj", "{70AC3076-5DD6-417E-9219-FC861CFEDEC1}"
EndProject
Project("{FAE04EC0-301F-11D3-BF4B-00C04F79EFBC}") = "ClassLibrary1", "ClassLibrary1\ClassLibrary1.csproj", "{0851C055-3019-48AC-B108-542EA080C44F}"
EndProject
Global
	GlobalSection(SolutionConfigurationPlatforms) = preSolution
		Debug|Any CPU = Debug|Any CPU
		Release|Any CPU = Release|Any CPU
	EndGlobalSection
	GlobalSection(ProjectConfigurationPlatforms) = postSolution
		{70AC3076-5DD6-417E-9219-FC861CFEDEC1}.Debug|Any CPU.ActiveCfg = Debug|Any CPU
		{70AC3076-5DD6-417E-9219-FC861CFEDEC1}.Debug|Any CPU.Build.0 = Debug|Any CPU
		{70AC3076-5DD6-417E-9219-FC861CFEDEC1}.Release|Any CPU.ActiveCfg = Release|Any CPU
		{70AC3076-5DD6-417E-9219-FC861CFEDEC1}.Release|Any CPU.Build.0 = Release|Any CPU
		{0851C055-3019-48AC-B108-542EA080C44F}.Debug|Any CPU.ActiveCfg = Debug|Any CPU
		{0851C055-3019-48AC-B108-542EA080C44F}.Debug|Any CPU.Build.0 = Debug|Any CPU
		{0851C055-3019-48AC-B108-542EA080C44F}.Release|Any CPU.ActiveCfg = Release|Any CPU
		{0851C055-3019-48AC-B108-542EA080C44F}.Release|Any CPU.Build.0 = Release|Any CPU
	EndGlobalSection
	GlobalSection(SolutionProperties) = preSolution
		HideSolutionNode = FALSE
	EndGlobalSection
	GlobalSection(ExtensibilityGlobals) = postSolution
		SolutionGuid = {A36A40D1-9F6E-4C22-A623-67879389C4E9}
	EndGlobalSection
EndGlobal
