
Microsoft Visual Studio Solution File, Format Version 12.00
# Visual Studio Version 16
VisualStudioVersion = 16.0.29021.104
MinimumVisualStudioVersion = 10.0.40219.1
Project("{FAE04EC0-301F-11D3-BF4B-00C04F79EFBC}") = "L061", "L061\L061.csproj", "{EDF14117-4732-48BE-8BD2-841DBACBAB6F}"
EndProject
Global
	GlobalSection(SolutionConfigurationPlatforms) = preSolution
		Debug|Any CPU = Debug|Any CPU
		Release|Any CPU = Release|Any CPU
	EndGlobalSection
	GlobalSection(ProjectConfigurationPlatforms) = postSolution
		{EDF14117-4732-48BE-8BD2-841DBACBAB6F}.Debug|Any CPU.ActiveCfg = Debug|Any CPU
		{EDF14117-4732-48BE-8BD2-841DBACBAB6F}.Debug|Any CPU.Build.0 = Debug|Any CPU
		{EDF14117-4732-48BE-8BD2-841DBACBAB6F}.Release|Any CPU.ActiveCfg = Release|Any CPU
		{EDF14117-4732-48BE-8BD2-841DBACBAB6F}.Release|Any CPU.Build.0 = Release|Any CPU
	EndGlobalSection
	GlobalSection(SolutionProperties) = preSolution
		HideSolutionNode = FALSE
	EndGlobalSection
	GlobalSection(ExtensibilityGlobals) = postSolution
		SolutionGuid = {F1667DDD-2480-48D3-B15D-AF19DE4BE714}
	EndGlobalSection
EndGlobal
