
Microsoft Visual Studio Solution File, Format Version 12.00
# Visual Studio Version 16
VisualStudioVersion = 16.0.29021.104
MinimumVisualStudioVersion = 10.0.40219.1
Project("{FAE04EC0-301F-11D3-BF4B-00C04F79EFBC}") = "L019", "L019\L019.csproj", "{096F46A3-D4CA-4974-8ED7-AC360901CB3F}"
EndProject
Global
	GlobalSection(SolutionConfigurationPlatforms) = preSolution
		Debug|Any CPU = Debug|Any CPU
		Release|Any CPU = Release|Any CPU
	EndGlobalSection
	GlobalSection(ProjectConfigurationPlatforms) = postSolution
		{096F46A3-D4CA-4974-8ED7-AC360901CB3F}.Debug|Any CPU.ActiveCfg = Debug|Any CPU
		{096F46A3-D4CA-4974-8ED7-AC360901CB3F}.Debug|Any CPU.Build.0 = Debug|Any CPU
		{096F46A3-D4CA-4974-8ED7-AC360901CB3F}.Release|Any CPU.ActiveCfg = Release|Any CPU
		{096F46A3-D4CA-4974-8ED7-AC360901CB3F}.Release|Any CPU.Build.0 = Release|Any CPU
	EndGlobalSection
	GlobalSection(SolutionProperties) = preSolution
		HideSolutionNode = FALSE
	EndGlobalSection
	GlobalSection(ExtensibilityGlobals) = postSolution
		SolutionGuid = {DF4B947B-BFE9-41FC-AE52-4E5A735EF5C7}
	EndGlobalSection
EndGlobal
