
Microsoft Visual Studio Solution File, Format Version 12.00
# Visual Studio Version 16
VisualStudioVersion = 16.0.29021.104
MinimumVisualStudioVersion = 10.0.40219.1
Project("{FAE04EC0-301F-11D3-BF4B-00C04F79EFBC}") = "L030", "L030\L030.csproj", "{DCDA6BEA-DADF-40D6-9D90-FEB7DE806575}"
EndProject
Global
	GlobalSection(SolutionConfigurationPlatforms) = preSolution
		Debug|Any CPU = Debug|Any CPU
		Release|Any CPU = Release|Any CPU
	EndGlobalSection
	GlobalSection(ProjectConfigurationPlatforms) = postSolution
		{DCDA6BEA-DADF-40D6-9D90-FEB7DE806575}.Debug|Any CPU.ActiveCfg = Debug|Any CPU
		{DCDA6BEA-DADF-40D6-9D90-FEB7DE806575}.Debug|Any CPU.Build.0 = Debug|Any CPU
		{DCDA6BEA-DADF-40D6-9D90-FEB7DE806575}.Release|Any CPU.ActiveCfg = Release|Any CPU
		{DCDA6BEA-DADF-40D6-9D90-FEB7DE806575}.Release|Any CPU.Build.0 = Release|Any CPU
	EndGlobalSection
	GlobalSection(SolutionProperties) = preSolution
		HideSolutionNode = FALSE
	EndGlobalSection
	GlobalSection(ExtensibilityGlobals) = postSolution
		SolutionGuid = {A105CC1B-8B24-4B70-BFB7-D32F1BAC13EF}
	EndGlobalSection
EndGlobal
