
Microsoft Visual Studio Solution File, Format Version 12.00
# Visual Studio Version 16
VisualStudioVersion = 16.0.29021.104
MinimumVisualStudioVersion = 10.0.40219.1
Project("{FAE04EC0-301F-11D3-BF4B-00C04F79EFBC}") = "L025", "L025\L025.csproj", "{0F2627FD-202A-4922-BA53-ECE1CC3B0C4A}"
EndProject
Global
	GlobalSection(SolutionConfigurationPlatforms) = preSolution
		Debug|Any CPU = Debug|Any CPU
		Release|Any CPU = Release|Any CPU
	EndGlobalSection
	GlobalSection(ProjectConfigurationPlatforms) = postSolution
		{0F2627FD-202A-4922-BA53-ECE1CC3B0C4A}.Debug|Any CPU.ActiveCfg = Debug|Any CPU
		{0F2627FD-202A-4922-BA53-ECE1CC3B0C4A}.Debug|Any CPU.Build.0 = Debug|Any CPU
		{0F2627FD-202A-4922-BA53-ECE1CC3B0C4A}.Release|Any CPU.ActiveCfg = Release|Any CPU
		{0F2627FD-202A-4922-BA53-ECE1CC3B0C4A}.Release|Any CPU.Build.0 = Release|Any CPU
	EndGlobalSection
	GlobalSection(SolutionProperties) = preSolution
		HideSolutionNode = FALSE
	EndGlobalSection
	GlobalSection(ExtensibilityGlobals) = postSolution
		SolutionGuid = {72CD30C2-CBF6-4E23-B18B-086785123C14}
	EndGlobalSection
EndGlobal
