
Microsoft Visual Studio Solution File, Format Version 12.00
# Visual Studio Version 16
VisualStudioVersion = 16.0.29021.104
MinimumVisualStudioVersion = 10.0.40219.1
Project("{FAE04EC0-301F-11D3-BF4B-00C04F79EFBC}") = "L016", "L016\L016.csproj", "{C1F77AE4-9EC1-45D1-BE06-1143EAA88AE5}"
EndProject
Global
	GlobalSection(SolutionConfigurationPlatforms) = preSolution
		Debug|Any CPU = Debug|Any CPU
		Release|Any CPU = Release|Any CPU
	EndGlobalSection
	GlobalSection(ProjectConfigurationPlatforms) = postSolution
		{C1F77AE4-9EC1-45D1-BE06-1143EAA88AE5}.Debug|Any CPU.ActiveCfg = Debug|Any CPU
		{C1F77AE4-9EC1-45D1-BE06-1143EAA88AE5}.Debug|Any CPU.Build.0 = Debug|Any CPU
		{C1F77AE4-9EC1-45D1-BE06-1143EAA88AE5}.Release|Any CPU.ActiveCfg = Release|Any CPU
		{C1F77AE4-9EC1-45D1-BE06-1143EAA88AE5}.Release|Any CPU.Build.0 = Release|Any CPU
	EndGlobalSection
	GlobalSection(SolutionProperties) = preSolution
		HideSolutionNode = FALSE
	EndGlobalSection
	GlobalSection(ExtensibilityGlobals) = postSolution
		SolutionGuid = {39F1FC59-E86A-4002-AB2F-FE0E49DF0798}
	EndGlobalSection
EndGlobal
