
Microsoft Visual Studio Solution File, Format Version 12.00
# Visual Studio Version 16
VisualStudioVersion = 16.0.29123.89
MinimumVisualStudioVersion = 10.0.40219.1
Project("{FAE04EC0-301F-11D3-BF4B-00C04F79EFBC}") = "L094", "L094\L094.csproj", "{4FDD563D-AF1B-43F6-BB5D-A0EFE3DB8A96}"
EndProject
Global
	GlobalSection(SolutionConfigurationPlatforms) = preSolution
		Debug|Any CPU = Debug|Any CPU
		Release|Any CPU = Release|Any CPU
	EndGlobalSection
	GlobalSection(ProjectConfigurationPlatforms) = postSolution
		{4FDD563D-AF1B-43F6-BB5D-A0EFE3DB8A96}.Debug|Any CPU.ActiveCfg = Debug|Any CPU
		{4FDD563D-AF1B-43F6-BB5D-A0EFE3DB8A96}.Debug|Any CPU.Build.0 = Debug|Any CPU
		{4FDD563D-AF1B-43F6-BB5D-A0EFE3DB8A96}.Release|Any CPU.ActiveCfg = Release|Any CPU
		{4FDD563D-AF1B-43F6-BB5D-A0EFE3DB8A96}.Release|Any CPU.Build.0 = Release|Any CPU
	EndGlobalSection
	GlobalSection(SolutionProperties) = preSolution
		HideSolutionNode = FALSE
	EndGlobalSection
	GlobalSection(ExtensibilityGlobals) = postSolution
		SolutionGuid = {27C9CBF9-5656-4C5B-9DC2-A8423AD997A6}
	EndGlobalSection
EndGlobal
