
Microsoft Visual Studio Solution File, Format Version 12.00
# Visual Studio Version 16
VisualStudioVersion = 16.0.29123.89
MinimumVisualStudioVersion = 10.0.40219.1
Project("{FAE04EC0-301F-11D3-BF4B-00C04F79EFBC}") = "L093", "L093\L093.csproj", "{34A22297-D7A3-4EF0-9474-F02B05E15E5E}"
EndProject
Global
	GlobalSection(SolutionConfigurationPlatforms) = preSolution
		Debug|Any CPU = Debug|Any CPU
		Release|Any CPU = Release|Any CPU
	EndGlobalSection
	GlobalSection(ProjectConfigurationPlatforms) = postSolution
		{34A22297-D7A3-4EF0-9474-F02B05E15E5E}.Debug|Any CPU.ActiveCfg = Debug|Any CPU
		{34A22297-D7A3-4EF0-9474-F02B05E15E5E}.Debug|Any CPU.Build.0 = Debug|Any CPU
		{34A22297-D7A3-4EF0-9474-F02B05E15E5E}.Release|Any CPU.ActiveCfg = Release|Any CPU
		{34A22297-D7A3-4EF0-9474-F02B05E15E5E}.Release|Any CPU.Build.0 = Release|Any CPU
	EndGlobalSection
	GlobalSection(SolutionProperties) = preSolution
		HideSolutionNode = FALSE
	EndGlobalSection
	GlobalSection(ExtensibilityGlobals) = postSolution
		SolutionGuid = {1CED9929-B8DD-455C-819D-BDD558A70CCC}
	EndGlobalSection
EndGlobal
