
Microsoft Visual Studio Solution File, Format Version 12.00
# Visual Studio Version 16
VisualStudioVersion = 16.0.29021.104
MinimumVisualStudioVersion = 10.0.40219.1
Project("{FAE04EC0-301F-11D3-BF4B-00C04F79EFBC}") = "L043", "L043\L043.csproj", "{2FE16E07-6C90-4DC2-955B-9FF14576BB79}"
EndProject
Global
	GlobalSection(SolutionConfigurationPlatforms) = preSolution
		Debug|Any CPU = Debug|Any CPU
		Release|Any CPU = Release|Any CPU
	EndGlobalSection
	GlobalSection(ProjectConfigurationPlatforms) = postSolution
		{2FE16E07-6C90-4DC2-955B-9FF14576BB79}.Debug|Any CPU.ActiveCfg = Debug|Any CPU
		{2FE16E07-6C90-4DC2-955B-9FF14576BB79}.Debug|Any CPU.Build.0 = Debug|Any CPU
		{2FE16E07-6C90-4DC2-955B-9FF14576BB79}.Release|Any CPU.ActiveCfg = Release|Any CPU
		{2FE16E07-6C90-4DC2-955B-9FF14576BB79}.Release|Any CPU.Build.0 = Release|Any CPU
	EndGlobalSection
	GlobalSection(SolutionProperties) = preSolution
		HideSolutionNode = FALSE
	EndGlobalSection
	GlobalSection(ExtensibilityGlobals) = postSolution
		SolutionGuid = {E2E0832F-A8A7-49CF-BF96-BCBF03279810}
	EndGlobalSection
EndGlobal
