
Microsoft Visual Studio Solution File, Format Version 12.00
# Visual Studio Version 16
VisualStudioVersion = 16.0.29021.104
MinimumVisualStudioVersion = 10.0.40219.1
Project("{FAE04EC0-301F-11D3-BF4B-00C04F79EFBC}") = "L063", "L063\L063.csproj", "{1CF491A8-41C5-4FBE-B68E-5193BE7BC237}"
EndProject
Global
	GlobalSection(SolutionConfigurationPlatforms) = preSolution
		Debug|Any CPU = Debug|Any CPU
		Release|Any CPU = Release|Any CPU
	EndGlobalSection
	GlobalSection(ProjectConfigurationPlatforms) = postSolution
		{1CF491A8-41C5-4FBE-B68E-5193BE7BC237}.Debug|Any CPU.ActiveCfg = Debug|Any CPU
		{1CF491A8-41C5-4FBE-B68E-5193BE7BC237}.Debug|Any CPU.Build.0 = Debug|Any CPU
		{1CF491A8-41C5-4FBE-B68E-5193BE7BC237}.Release|Any CPU.ActiveCfg = Release|Any CPU
		{1CF491A8-41C5-4FBE-B68E-5193BE7BC237}.Release|Any CPU.Build.0 = Release|Any CPU
	EndGlobalSection
	GlobalSection(SolutionProperties) = preSolution
		HideSolutionNode = FALSE
	EndGlobalSection
	GlobalSection(ExtensibilityGlobals) = postSolution
		SolutionGuid = {6526309B-57DE-4E8D-B694-2840DF486F39}
	EndGlobalSection
EndGlobal
